
Microsoft Visual Studio Solution File, Format Version 12.00
# Visual Studio Version 18
VisualStudioVersion = 18.3.11520.95 d18.3
MinimumVisualStudioVersion = 10.0.40219.1
Project("{FAE04EC0-301F-11D3-BF4B-00C04F79EFBC}") = "JHSchool.Permrec", "JHSchool.Permrec.csproj", "{AE2B2393-7AF7-46AC-BD5E-428117FEFB2F}"
EndProject
Global
	GlobalSection(SolutionConfigurationPlatforms) = preSolution
		Debug|Any CPU = Debug|Any CPU
		Release|Any CPU = Release|Any CPU
	EndGlobalSection
	GlobalSection(ProjectConfigurationPlatforms) = postSolution
		{AE2B2393-7AF7-46AC-BD5E-428117FEFB2F}.Debug|Any CPU.ActiveCfg = Debug|Any CPU
		{AE2B2393-7AF7-46AC-BD5E-428117FEFB2F}.Debug|Any CPU.Build.0 = Debug|Any CPU
		{AE2B2393-7AF7-46AC-BD5E-428117FEFB2F}.Release|Any CPU.ActiveCfg = Release|Any CPU
		{AE2B2393-7AF7-46AC-BD5E-428117FEFB2F}.Release|Any CPU.Build.0 = Release|Any CPU
	EndGlobalSection
	GlobalSection(SolutionProperties) = preSolution
		HideSolutionNode = FALSE
	EndGlobalSection
	GlobalSection(ExtensibilityGlobals) = postSolution
		SolutionGuid = {868E6A20-2CB0-4D50-9329-78DD04B9D76C}
	EndGlobalSection
EndGlobal
